// !$*UTF8*$!
{
	archiveVersion = 1;
	classes = {
	};
	objectVersion = 51;
	objects = {

/* Begin PBXBuildFile section */
		1D6020FB186EA7B8DC325EE8 /* Pods_Parstagram.framework in Frameworks */ = {isa = PBXBuildFile; fileRef = 9BB6E18FB717A2B5E3CCB510 /* Pods_Parstagram.framework */; };
		4346EDA926D0159B00311F29 /* CommentCell.swift in Sources */ = {isa = PBXBuildFile; fileRef = 4346EDA826D0159B00311F29 /* CommentCell.swift */; };
		43500D5126C994AE00C2AB27 /* CameraViewController.swift in Sources */ = {isa = PBXBuildFile; fileRef = 43500D5026C994AE00C2AB27 /* CameraViewController.swift */; };
		43500D5326C9B31600C2AB27 /* PostCell.swift in Sources */ = {isa = PBXBuildFile; fileRef = 43500D5226C9B31600C2AB27 /* PostCell.swift */; };
		435F4C7F26C984D9009D57F2 /* AppDelegate.swift in Sources */ = {isa = PBXBuildFile; fileRef = 435F4C7E26C984D9009D57F2 /* AppDelegate.swift */; };
		435F4C8126C984D9009D57F2 /* SceneDelegate.swift in Sources */ = {isa = PBXBuildFile; fileRef = 435F4C8026C984D9009D57F2 /* SceneDelegate.swift */; };
		435F4C8626C984D9009D57F2 /* Main.storyboard in Resources */ = {isa = PBXBuildFile; fileRef = 435F4C8426C984D9009D57F2 /* Main.storyboard */; };
		435F4C8826C984DB009D57F2 /* Assets.xcassets in Resources */ = {isa = PBXBuildFile; fileRef = 435F4C8726C984DB009D57F2 /* Assets.xcassets */; };
		435F4C8B26C984DB009D57F2 /* LaunchScreen.storyboard in Resources */ = {isa = PBXBuildFile; fileRef = 435F4C8926C984DB009D57F2 /* LaunchScreen.storyboard */; };
		435F4C9626C984DB009D57F2 /* ParstagramTests.swift in Sources */ = {isa = PBXBuildFile; fileRef = 435F4C9526C984DB009D57F2 /* ParstagramTests.swift */; };
		435F4CA126C984DB009D57F2 /* ParstagramUITests.swift in Sources */ = {isa = PBXBuildFile; fileRef = 435F4CA026C984DB009D57F2 /* ParstagramUITests.swift */; };
		4361245426C98948003EA11C /* LoginViewController.swift in Sources */ = {isa = PBXBuildFile; fileRef = 4361245326C98948003EA11C /* LoginViewController.swift */; };
		4361245626C9895F003EA11C /* FeedViewController.swift in Sources */ = {isa = PBXBuildFile; fileRef = 4361245526C9895F003EA11C /* FeedViewController.swift */; };
/* End PBXBuildFile section */

/* Begin PBXContainerItemProxy section */
		435F4C9226C984DB009D57F2 /* PBXContainerItemProxy */ = {
			isa = PBXContainerItemProxy;
			containerPortal = 435F4C7326C984D9009D57F2 /* Project object */;
			proxyType = 1;
			remoteGlobalIDString = 435F4C7A26C984D9009D57F2;
			remoteInfo = Parstagram;
		};
		435F4C9D26C984DB009D57F2 /* PBXContainerItemProxy */ = {
			isa = PBXContainerItemProxy;
			containerPortal = 435F4C7326C984D9009D57F2 /* Project object */;
			proxyType = 1;
			remoteGlobalIDString = 435F4C7A26C984D9009D57F2;
			remoteInfo = Parstagram;
		};
/* End PBXContainerItemProxy section */

/* Begin PBXFileReference section */
		4346EDA826D0159B00311F29 /* CommentCell.swift */ = {isa = PBXFileReference; lastKnownFileType = sourcecode.swift; path = CommentCell.swift; sourceTree = "<group>"; };
		43500D5026C994AE00C2AB27 /* CameraViewController.swift */ = {isa = PBXFileReference; lastKnownFileType = sourcecode.swift; path = CameraViewController.swift; sourceTree = "<group>"; };
		43500D5226C9B31600C2AB27 /* PostCell.swift */ = {isa = PBXFileReference; lastKnownFileType = sourcecode.swift; path = PostCell.swift; sourceTree = "<group>"; };
		435F4C7B26C984D9009D57F2 /* Parstagram.app */ = {isa = PBXFileReference; explicitFileType = wrapper.application; includeInIndex = 0; path = Parstagram.app; sourceTree = BUILT_PRODUCTS_DIR; };
		435F4C7E26C984D9009D57F2 /* AppDelegate.swift */ = {isa = PBXFileReference; lastKnownFileType = sourcecode.swift; path = AppDelegate.swift; sourceTree = "<group>"; };
		435F4C8026C984D9009D57F2 /* SceneDelegate.swift */ = {isa = PBXFileReference; lastKnownFileType = sourcecode.swift; path = SceneDelegate.swift; sourceTree = "<group>"; };
		435F4C8526C984D9009D57F2 /* Base */ = {isa = PBXFileReference; lastKnownFileType = file.storyboard; name = Base; path = Base.lproj/Main.storyboard; sourceTree = "<group>"; };
		435F4C8726C984DB009D57F2 /* Assets.xcassets */ = {isa = PBXFileReference; lastKnownFileType = folder.assetcatalog; path = Assets.xcassets; sourceTree = "<group>"; };
		435F4C8A26C984DB009D57F2 /* Base */ = {isa = PBXFileReference; lastKnownFileType = file.storyboard; name = Base; path = Base.lproj/LaunchScreen.storyboard; sourceTree = "<group>"; };
		435F4C8C26C984DB009D57F2 /* Info.plist */ = {isa = PBXFileReference; lastKnownFileType = text.plist.xml; path = Info.plist; sourceTree = "<group>"; };
		435F4C9126C984DB009D57F2 /* ParstagramTests.xctest */ = {isa = PBXFileReference; explicitFileType = wrapper.cfbundle; includeInIndex = 0; path = ParstagramTests.xctest; sourceTree = BUILT_PRODUCTS_DIR; };
		435F4C9526C984DB009D57F2 /* ParstagramTests.swift */ = {isa = PBXFileReference; lastKnownFileType = sourcecode.swift; path = ParstagramTests.swift; sourceTree = "<group>"; };
		435F4C9726C984DB009D57F2 /* Info.plist */ = {isa = PBXFileReference; lastKnownFileType = text.plist.xml; path = Info.plist; sourceTree = "<group>"; };
		435F4C9C26C984DB009D57F2 /* ParstagramUITests.xctest */ = {isa = PBXFileReference; explicitFileType = wrapper.cfbundle; includeInIndex = 0; path = ParstagramUITests.xctest; sourceTree = BUILT_PRODUCTS_DIR; };
		435F4CA026C984DB009D57F2 /* ParstagramUITests.swift */ = {isa = PBXFileReference; lastKnownFileType = sourcecode.swift; path = ParstagramUITests.swift; sourceTree = "<group>"; };
		435F4CA226C984DB009D57F2 /* Info.plist */ = {isa = PBXFileReference; lastKnownFileType = text.plist.xml; path = Info.plist; sourceTree = "<group>"; };
		4361245326C98948003EA11C /* LoginViewController.swift */ = {isa = PBXFileReference; lastKnownFileType = sourcecode.swift; path = LoginViewController.swift; sourceTree = "<group>"; };
		4361245526C9895F003EA11C /* FeedViewController.swift */ = {isa = PBXFileReference; lastKnownFileType = sourcecode.swift; path = FeedViewController.swift; sourceTree = "<group>"; };
		48A3BF16D2B0B943B850AD0E /* Pods-Parstagram.release.xcconfig */ = {isa = PBXFileReference; includeInIndex = 1; lastKnownFileType = text.xcconfig; name = "Pods-Parstagram.release.xcconfig"; path = "Target Support Files/Pods-Parstagram/Pods-Parstagram.release.xcconfig"; sourceTree = "<group>"; };
		9BB6E18FB717A2B5E3CCB510 /* Pods_Parstagram.framework */ = {isa = PBXFileReference; explicitFileType = wrapper.framework; includeInIndex = 0; path = Pods_Parstagram.framework; sourceTree = BUILT_PRODUCTS_DIR; };
		D482FB9A4786265BDD7555E6 /* Pods-Parstagram.debug.xcconfig */ = {isa = PBXFileReference; includeInIndex = 1; lastKnownFileType = text.xcconfig; name = "Pods-Parstagram.debug.xcconfig"; path = "Target Support Files/Pods-Parstagram/Pods-Parstagram.debug.xcconfig"; sourceTree = "<group>"; };
/* End PBXFileReference section */

/* Begin PBXFrameworksBuildPhase section */
		435F4C7826C984D9009D57F2 /* Frameworks */ = {
			isa = PBXFrameworksBuildPhase;
			buildActionMask = 2147483647;
			files = (
				1D6020FB186EA7B8DC325EE8 /* Pods_Parstagram.framework in Frameworks */,
			);
			runOnlyForDeploymentPostprocessing = 0;
		};
		435F4C8E26C984DB009D57F2 /* Frameworks */ = {
			isa = PBXFrameworksBuildPhase;
			buildActionMask = 2147483647;
			files = (
			);
			runOnlyForDeploymentPostprocessing = 0;
		};
		435F4C9926C984DB009D57F2 /* Frameworks */ = {
			isa = PBXFrameworksBuildPhase;
			buildActionMask = 2147483647;
			files = (
			);
			runOnlyForDeploymentPostprocessing = 0;
		};
/* End PBXFrameworksBuildPhase section */

/* Begin PBXGroup section */
		435F4C7226C984D9009D57F2 = {
			isa = PBXGroup;
			children = (
				435F4C7D26C984D9009D57F2 /* Parstagram */,
				435F4C9426C984DB009D57F2 /* ParstagramTests */,
				435F4C9F26C984DB009D57F2 /* ParstagramUITests */,
				435F4C7C26C984D9009D57F2 /* Products */,
				D10B03CDD0B3CF3403BB9F80 /* Pods */,
				D804626A957E305180E38EE7 /* Frameworks */,
			);
			sourceTree = "<group>";
		};
		435F4C7C26C984D9009D57F2 /* Products */ = {
			isa = PBXGroup;
			children = (
				435F4C7B26C984D9009D57F2 /* Parstagram.app */,
				435F4C9126C984DB009D57F2 /* ParstagramTests.xctest */,
				435F4C9C26C984DB009D57F2 /* ParstagramUITests.xctest */,
			);
			name = Products;
			sourceTree = "<group>";
		};
		435F4C7D26C984D9009D57F2 /* Parstagram */ = {
			isa = PBXGroup;
			children = (
				435F4C7E26C984D9009D57F2 /* AppDelegate.swift */,
				435F4C8026C984D9009D57F2 /* SceneDelegate.swift */,
				435F4C8426C984D9009D57F2 /* Main.storyboard */,
				435F4C8726C984DB009D57F2 /* Assets.xcassets */,
				435F4C8926C984DB009D57F2 /* LaunchScreen.storyboard */,
				435F4C8C26C984DB009D57F2 /* Info.plist */,
				4361245326C98948003EA11C /* LoginViewController.swift */,
				4361245526C9895F003EA11C /* FeedViewController.swift */,
				43500D5026C994AE00C2AB27 /* CameraViewController.swift */,
				43500D5226C9B31600C2AB27 /* PostCell.swift */,
				4346EDA826D0159B00311F29 /* CommentCell.swift */,
			);
			path = Parstagram;
			sourceTree = "<group>";
		};
		435F4C9426C984DB009D57F2 /* ParstagramTests */ = {
			isa = PBXGroup;
			children = (
				435F4C9526C984DB009D57F2 /* ParstagramTests.swift */,
				435F4C9726C984DB009D57F2 /* Info.plist */,
			);
			path = ParstagramTests;
			sourceTree = "<group>";
		};
		435F4C9F26C984DB009D57F2 /* ParstagramUITests */ = {
			isa = PBXGroup;
			children = (
				435F4CA026C984DB009D57F2 /* ParstagramUITests.swift */,
				435F4CA226C984DB009D57F2 /* Info.plist */,
			);
			path = ParstagramUITests;
			sourceTree = "<group>";
		};
		D10B03CDD0B3CF3403BB9F80 /* Pods */ = {
			isa = PBXGroup;
			children = (
				D482FB9A4786265BDD7555E6 /* Pods-Parstagram.debug.xcconfig */,
				48A3BF16D2B0B943B850AD0E /* Pods-Parstagram.release.xcconfig */,
			);
			path = Pods;
			sourceTree = "<group>";
		};
		D804626A957E305180E38EE7 /* Frameworks */ = {
			isa = PBXGroup;
			children = (
				9BB6E18FB717A2B5E3CCB510 /* Pods_Parstagram.framework */,
			);
			name = Frameworks;
			sourceTree = "<group>";
		};
/* End PBXGroup section */

/* Begin PBXNativeTarget section */
		435F4C7A26C984D9009D57F2 /* Parstagram */ = {
			isa = PBXNativeTarget;
			buildConfigurationList = 435F4CA526C984DB009D57F2 /* Build configuration list for PBXNativeTarget "Parstagram" */;
			buildPhases = (
				C662DF305A21205AD456A8CA /* [CP] Check Pods Manifest.lock */,
				435F4C7726C984D9009D57F2 /* Sources */,
				435F4C7826C984D9009D57F2 /* Frameworks */,
				435F4C7926C984D9009D57F2 /* Resources */,
				27EFCC3A1F85E78FFB2321AA /* [CP] Embed Pods Frameworks */,
			);
			buildRules = (
			);
			dependencies = (
			);
			name = Parstagram;
			productName = Parstagram;
			productReference = 435F4C7B26C984D9009D57F2 /* Parstagram.app */;
			productType = "com.apple.product-type.application";
		};
		435F4C9026C984DB009D57F2 /* ParstagramTests */ = {
			isa = PBXNativeTarget;
			buildConfigurationList = 435F4CA826C984DB009D57F2 /* Build configuration list for PBXNativeTarget "ParstagramTests" */;
			buildPhases = (
				435F4C8D26C984DB009D57F2 /* Sources */,
				435F4C8E26C984DB009D57F2 /* Frameworks */,
				435F4C8F26C984DB009D57F2 /* Resources */,
			);
			buildRules = (
			);
			dependencies = (
				435F4C9326C984DB009D57F2 /* PBXTargetDependency */,
			);
			name = ParstagramTests;
			productName = ParstagramTests;
			productReference = 435F4C9126C984DB009D57F2 /* ParstagramTests.xctest */;
			productType = "com.apple.product-type.bundle.unit-test";
		};
		435F4C9B26C984DB009D57F2 /* ParstagramUITests */ = {
			isa = PBXNativeTarget;
			buildConfigurationList = 435F4CAB26C984DB009D57F2 /* Build configuration list for PBXNativeTarget "ParstagramUITests" */;
			buildPhases = (
				435F4C9826C984DB009D57F2 /* Sources */,
				435F4C9926C984DB009D57F2 /* Frameworks */,
				435F4C9A26C984DB009D57F2 /* Resources */,
			);
			buildRules = (
			);
			dependencies = (
				435F4C9E26C984DB009D57F2 /* PBXTargetDependency */,
			);
			name = ParstagramUITests;
			productName = ParstagramUITests;
			productReference = 435F4C9C26C984DB009D57F2 /* ParstagramUITests.xctest */;
			productType = "com.apple.product-type.bundle.ui-testing";
		};
/* End PBXNativeTarget section */

/* Begin PBXProject section */
		435F4C7326C984D9009D57F2 /* Project object */ = {
			isa = PBXProject;
			attributes = {
				LastSwiftUpdateCheck = 1250;
				LastUpgradeCheck = 1250;
				TargetAttributes = {
					435F4C7A26C984D9009D57F2 = {
						CreatedOnToolsVersion = 12.5;
					};
					435F4C9026C984DB009D57F2 = {
						CreatedOnToolsVersion = 12.5;
						TestTargetID = 435F4C7A26C984D9009D57F2;
					};
					435F4C9B26C984DB009D57F2 = {
						CreatedOnToolsVersion = 12.5;
						TestTargetID = 435F4C7A26C984D9009D57F2;
					};
				};
			};
			buildConfigurationList = 435F4C7626C984D9009D57F2 /* Build configuration list for PBXProject "Parstagram" */;
			compatibilityVersion = "Xcode 9.3";
			developmentRegion = en;
			hasScannedForEncodings = 0;
			knownRegions = (
				en,
				Base,
			);
			mainGroup = 435F4C7226C984D9009D57F2;
			productRefGroup = 435F4C7C26C984D9009D57F2 /* Products */;
			projectDirPath = "";
			projectRoot = "";
			targets = (
				435F4C7A26C984D9009D57F2 /* Parstagram */,
				435F4C9026C984DB009D57F2 /* ParstagramTests */,
				435F4C9B26C984DB009D57F2 /* ParstagramUITests */,
			);
		};
/* End PBXProject section */

/* Begin PBXResourcesBuildPhase section */
		435F4C7926C984D9009D57F2 /* Resources */ = {
			isa = PBXResourcesBuildPhase;
			buildActionMask = 2147483647;
			files = (
				435F4C8B26C984DB009D57F2 /* LaunchScreen.storyboard in Resources */,
				435F4C8826C984DB009D57F2 /* Assets.xcassets in Resources */,
				435F4C8626C984D9009D57F2 /* Main.storyboard in Resources */,
			);
			runOnlyForDeploymentPostprocessing = 0;
		};
		435F4C8F26C984DB009D57F2 /* Resources */ = {
			isa = PBXResourcesBuildPhase;
			buildActionMask = 2147483647;
			files = (
			);
			runOnlyForDeploymentPostprocessing = 0;
		};
		435F4C9A26C984DB009D57F2 /* Resources */ = {
			isa = PBXResourcesBuildPhase;
			buildActionMask = 2147483647;
			files = (
			);
			runOnlyForDeploymentPostprocessing = 0;
		};
/* End PBXResourcesBuildPhase section */

/* Begin PBXShellScriptBuildPhase section */
		27EFCC3A1F85E78FFB2321AA /* [CP] Embed Pods Frameworks */ = {
			isa = PBXShellScriptBuildPhase;
			buildActionMask = 2147483647;
			files = (
			);
			inputFileListPaths = (
				"${PODS_ROOT}/Target Support Files/Pods-Parstagram/Pods-Parstagram-frameworks-${CONFIGURATION}-input-files.xcfilelist",
			);
			name = "[CP] Embed Pods Frameworks";
			outputFileListPaths = (
				"${PODS_ROOT}/Target Support Files/Pods-Parstagram/Pods-Parstagram-frameworks-${CONFIGURATION}-output-files.xcfilelist",
			);
			runOnlyForDeploymentPostprocessing = 0;
			shellPath = /bin/sh;
			shellScript = "\"${PODS_ROOT}/Target Support Files/Pods-Parstagram/Pods-Parstagram-frameworks.sh\"\n";
			showEnvVarsInLog = 0;
		};
		C662DF305A21205AD456A8CA /* [CP] Check Pods Manifest.lock */ = {
			isa = PBXShellScriptBuildPhase;
			buildActionMask = 2147483647;
			files = (
			);
			inputFileListPaths = (
			);
			inputPaths = (
				"${PODS_PODFILE_DIR_PATH}/Podfile.lock",
				"${PODS_ROOT}/Manifest.lock",
			);
			name = "[CP] Check Pods Manifest.lock";
			outputFileListPaths = (
			);
			outputPaths = (
				"$(DERIVED_FILE_DIR)/Pods-Parstagram-checkManifestLockResult.txt",
			);
			runOnlyForDeploymentPostprocessing = 0;
			shellPath = /bin/sh;
			shellScript = "diff \"${PODS_PODFILE_DIR_PATH}/Podfile.lock\" \"${PODS_ROOT}/Manifest.lock\" > /dev/null\nif [ $? != 0 ] ; then\n    # print error to STDERR\n    echo \"error: The sandbox is not in sync with the Podfile.lock. Run 'pod install' or update your CocoaPods installation.\" >&2\n    exit 1\nfi\n# This output is used by Xcode 'outputs' to avoid re-running this script phase.\necho \"SUCCESS\" > \"${SCRIPT_OUTPUT_FILE_0}\"\n";
			showEnvVarsInLog = 0;
		};
/* End PBXShellScriptBuildPhase section */

/* Begin PBXSourcesBuildPhase section */
		435F4C7726C984D9009D57F2 /* Sources */ = {
			isa = PBXSourcesBuildPhase;
			buildActionMask = 2147483647;
			files = (
				4361245426C98948003EA11C /* LoginViewController.swift in Sources */,
				43500D5126C994AE00C2AB27 /* CameraViewController.swift in Sources */,
				435F4C7F26C984D9009D57F2 /* AppDelegate.swift in Sources */,
				4361245626C9895F003EA11C /* FeedViewController.swift in Sources */,
				435F4C8126C984D9009D57F2 /* SceneDelegate.swift in Sources */,
				43500D5326C9B31600C2AB27 /* PostCell.swift in Sources */,
				4346EDA926D0159B00311F29 /* CommentCell.swift in Sources */,
			);
			runOnlyForDeploymentPostprocessing = 0;
		};
		435F4C8D26C984DB009D57F2 /* Sources */ = {
			isa = PBXSourcesBuildPhase;
			buildActionMask = 2147483647;
			files = (
				435F4C9626C984DB009D57F2 /* ParstagramTests.swift in Sources */,
			);
			runOnlyForDeploymentPostprocessing = 0;
		};
		435F4C9826C984DB009D57F2 /* Sources */ = {
			isa = PBXSourcesBuildPhase;
			buildActionMask = 2147483647;
			files = (
				435F4CA126C984DB009D57F2 /* ParstagramUITests.swift in Sources */,
			);
			runOnlyForDeploymentPostprocessing = 0;
		};
/* End PBXSourcesBuildPhase section */

/* Begin PBXTargetDependency section */
		435F4C9326C984DB009D57F2 /* PBXTargetDependency */ = {
			isa = PBXTargetDependency;
			target = 435F4C7A26C984D9009D57F2 /* Parstagram */;
			targetProxy = 435F4C9226C984DB009D57F2 /* PBXContainerItemProxy */;
		};
		435F4C9E26C984DB009D57F2 /* PBXTargetDependency */ = {
			isa = PBXTargetDependency;
			target = 435F4C7A26C984D9009D57F2 /* Parstagram */;
			targetProxy = 435F4C9D26C984DB009D57F2 /* PBXContainerItemProxy */;
		};
/* End PBXTargetDependency section */

/* Begin PBXVariantGroup section */
		435F4C8426C984D9009D57F2 /* Main.storyboard */ = {
			isa = PBXVariantGroup;
			children = (
				435F4C8526C984D9009D57F2 /* Base */,
			);
			name = Main.storyboard;
			sourceTree = "<group>";
		};
		435F4C8926C984DB009D57F2 /* LaunchScreen.storyboard */ = {
			isa = PBXVariantGroup;
			children = (
				435F4C8A26C984DB009D57F2 /* Base */,
			);
			name = LaunchScreen.storyboard;
			sourceTree = "<group>";
		};
/* End PBXVariantGroup section */

/* Begin XCBuildConfiguration section */
		435F4CA326C984DB009D57F2 /* Debug */ = {
			isa = XCBuildConfiguration;
			buildSettings = {
				ALWAYS_SEARCH_USER_PATHS = NO;
				CLANG_ANALYZER_NONNULL = YES;
				CLANG_ANALYZER_NUMBER_OBJECT_CONVERSION = YES_AGGRESSIVE;
				CLANG_CXX_LANGUAGE_STANDARD = "gnu++14";
				CLANG_CXX_LIBRARY = "libc++";
				CLANG_ENABLE_MODULES = YES;
				CLANG_ENABLE_OBJC_ARC = YES;
				CLANG_ENABLE_OBJC_WEAK = YES;
				CLANG_WARN_BLOCK_CAPTURE_AUTORELEASING = YES;
				CLANG_WARN_BOOL_CONVERSION = YES;
				CLANG_WARN_COMMA = YES;
				CLANG_WARN_CONSTANT_CONVERSION = YES;
				CLANG_WARN_DEPRECATED_OBJC_IMPLEMENTATIONS = YES;
				CLANG_WARN_DIRECT_OBJC_ISA_USAGE = YES_ERROR;
				CLANG_WARN_DOCUMENTATION_COMMENTS = YES;
				CLANG_WARN_EMPTY_BODY = YES;
				CLANG_WARN_ENUM_CONVERSION = YES;
				CLANG_WARN_INFINITE_RECURSION = YES;
				CLANG_WARN_INT_CONVERSION = YES;
				CLANG_WARN_NON_LITERAL_NULL_CONVERSION = YES;
				CLANG_WARN_OBJC_IMPLICIT_RETAIN_SELF = YES;
				CLANG_WARN_OBJC_LITERAL_CONVERSION = YES;
				CLANG_WARN_OBJC_ROOT_CLASS = YES_ERROR;
				CLANG_WARN_QUOTED_INCLUDE_IN_FRAMEWORK_HEADER = YES;
				CLANG_WARN_RANGE_LOOP_ANALYSIS = YES;
				CLANG_WARN_STRICT_PROTOTYPES = YES;
				CLANG_WARN_SUSPICIOUS_MOVE = YES;
				CLANG_WARN_UNGUARDED_AVAILABILITY = YES_AGGRESSIVE;
				CLANG_WARN_UNREACHABLE_CODE = YES;
				CLANG_WARN__DUPLICATE_METHOD_MATCH = YES;
				COPY_PHASE_STRIP = NO;
				DEBUG_INFORMATION_FORMAT = dwarf;
				ENABLE_STRICT_OBJC_MSGSEND = YES;
				ENABLE_TESTABILITY = YES;
				GCC_C_LANGUAGE_STANDARD = gnu11;
				GCC_DYNAMIC_NO_PIC = NO;
				GCC_NO_COMMON_BLOCKS = YES;
				GCC_OPTIMIZATION_LEVEL = 0;
				GCC_PREPROCESSOR_DEFINITIONS = (
					"DEBUG=1",
					"$(inherited)",
				);
				GCC_WARN_64_TO_32_BIT_CONVERSION = YES;
				GCC_WARN_ABOUT_RETURN_TYPE = YES_ERROR;
				GCC_WARN_UNDECLARED_SELECTOR = YES;
				GCC_WARN_UNINITIALIZED_AUTOS = YES_AGGRESSIVE;
				GCC_WARN_UNUSED_FUNCTION = YES;
				GCC_WARN_UNUSED_VARIABLE = YES;
				IPHONEOS_DEPLOYMENT_TARGET = 14.5;
				MTL_ENABLE_DEBUG_INFO = INCLUDE_SOURCE;
				MTL_FAST_MATH = YES;
				ONLY_ACTIVE_ARCH = YES;
				SDKROOT = iphoneos;
				SWIFT_ACTIVE_COMPILATION_CONDITIONS = DEBUG;
				SWIFT_OPTIMIZATION_LEVEL = "-Onone";
			};
			name = Debug;
		};
		435F4CA426C984DB009D57F2 /* Release */ = {
			isa = XCBuildConfiguration;
			buildSettings = {
				ALWAYS_SEARCH_USER_PATHS = NO;
				CLANG_ANALYZER_NONNULL = YES;
				CLANG_ANALYZER_NUMBER_OBJECT_CONVERSION = YES_AGGRESSIVE;
				CLANG_CXX_LANGUAGE_STANDARD = "gnu++14";
				CLANG_CXX_LIBRARY = "libc++";
				CLANG_ENABLE_MODULES = YES;
				CLANG_ENABLE_OBJC_ARC = YES;
				CLANG_ENABLE_OBJC_WEAK = YES;
				CLANG_WARN_BLOCK_CAPTURE_AUTORELEASING = YES;
				CLANG_WARN_BOOL_CONVERSION = YES;
				CLANG_WARN_COMMA = YES;
				CLANG_WARN_CONSTANT_CONVERSION = YES;
				CLANG_WARN_DEPRECATED_OBJC_IMPLEMENTATIONS = YES;
				CLANG_WARN_DIRECT_OBJC_ISA_USAGE = YES_ERROR;
				CLANG_WARN_DOCUMENTATION_COMMENTS = YES;
				CLANG_WARN_EMPTY_BODY = YES;
				CLANG_WARN_ENUM_CONVERSION = YES;
				CLANG_WARN_INFINITE_RECURSION = YES;
				CLANG_WARN_INT_CONVERSION = YES;
				CLANG_WARN_NON_LITERAL_NULL_CONVERSION = YES;
				CLANG_WARN_OBJC_IMPLICIT_RETAIN_SELF = YES;
				CLANG_WARN_OBJC_LITERAL_CONVERSION = YES;
				CLANG_WARN_OBJC_ROOT_CLASS = YES_ERROR;
				CLANG_WARN_QUOTED_INCLUDE_IN_FRAMEWORK_HEADER = YES;
				CLANG_WARN_RANGE_LOOP_ANALYSIS = YES;
				CLANG_WARN_STRICT_PROTOTYPES = YES;
				CLANG_WARN_SUSPICIOUS_MOVE = YES;
				CLANG_WARN_UNGUARDED_AVAILABILITY = YES_AGGRESSIVE;
				CLANG_WARN_UNREACHABLE_CODE = YES;
				CLANG_WARN__DUPLICATE_METHOD_MATCH = YES;
				COPY_PHASE_STRIP = NO;
				DEBUG_INFORMATION_FORMAT = "dwarf-with-dsym";
				ENABLE_NS_ASSERTIONS = NO;
				ENABLE_STRICT_OBJC_MSGSEND = YES;
				GCC_C_LANGUAGE_STANDARD = gnu11;
				GCC_NO_COMMON_BLOCKS = YES;
				GCC_WARN_64_TO_32_BIT_CONVERSION = YES;
				GCC_WARN_ABOUT_RETURN_TYPE = YES_ERROR;
				GCC_WARN_UNDECLARED_SELECTOR = YES;
				GCC_WARN_UNINITIALIZED_AUTOS = YES_AGGRESSIVE;
				GCC_WARN_UNUSED_FUNCTION = YES;
				GCC_WARN_UNUSED_VARIABLE = YES;
				IPHONEOS_DEPLOYMENT_TARGET = 14.5;
				MTL_ENABLE_DEBUG_INFO = NO;
				MTL_FAST_MATH = YES;
				SDKROOT = iphoneos;
				SWIFT_COMPILATION_MODE = wholemodule;
				SWIFT_OPTIMIZATION_LEVEL = "-O";
				VALIDATE_PRODUCT = YES;
			};
			name = Release;
		};
		435F4CA626C984DB009D57F2 /* Debug */ = {
			isa = XCBuildConfiguration;
			baseConfigurationReference = D482FB9A4786265BDD7555E6 /* Pods-Parstagram.debug.xcconfig */;
			buildSettings = {
				ASSETCATALOG_COMPILER_APPICON_NAME = AppIcon;
				ASSETCATALOG_COMPILER_GLOBAL_ACCENT_COLOR_NAME = AccentColor;
				CODE_SIGN_STYLE = Automatic;
				INFOPLIST_FILE = Parstagram/Info.plist;
				LD_RUNPATH_SEARCH_PATHS = (
					"$(inherited)",
					"@executable_path/Frameworks",
				);
				PRODUCT_BUNDLE_IDENTIFIER = com.bhusal.Parstagram;
				PRODUCT_NAME = "$(TARGET_NAME)";
				SWIFT_VERSION = 5.0;
				TARGETED_DEVICE_FAMILY = 1;
			};
			name = Debug;
		};
		435F4CA726C984DB009D57F2 /* Release */ = {
			isa = XCBuildConfiguration;
			baseConfigurationReference = 48A3BF16D2B0B943B850AD0E /* Pods-Parstagram.release.xcconfig */;
			buildSettings = {
				ASSETCATALOG_COMPILER_APPICON_NAME = AppIcon;
				ASSETCATALOG_COMPILER_GLOBAL_ACCENT_COLOR_NAME = AccentColor;
				CODE_SIGN_STYLE = Automatic;
				INFOPLIST_FILE = Parstagram/Info.plist;
				LD_RUNPATH_SEARCH_PATHS = (
					"$(inherited)",
					"@executable_path/Frameworks",
				);
				PRODUCT_BUNDLE_IDENTIFIER = com.bhusal.Parstagram;
				PRODUCT_NAME = "$(TARGET_NAME)";
				SWIFT_VERSION = 5.0;
				TARGETED_DEVICE_FAMILY = 1;
			};
			name = Release;
		};
		435F4CA926C984DB009D57F2 /* Debug */ = {
			isa = XCBuildConfiguration;
			buildSettings = {
				ALWAYS_EMBED_SWIFT_STANDARD_LIBRARIES = YES;
				BUNDLE_LOADER = "$(TEST_HOST)";
				CODE_SIGN_STYLE = Automatic;
				INFOPLIST_FILE = ParstagramTests/Info.plist;
				IPHONEOS_DEPLOYMENT_TARGET = 14.5;
				LD_RUNPATH_SEARCH_PATHS = (
					"$(inherited)",
					"@executable_path/Frameworks",
					"@loader_path/Frameworks",
				);
				PRODUCT_BUNDLE_IDENTIFIER = com.bhusal.ParstagramTests;
				PRODUCT_NAME = "$(TARGET_NAME)";
				SWIFT_VERSION = 5.0;
				TARGETED_DEVICE_FAMILY = "1,2";
				TEST_HOST = "$(BUILT_PRODUCTS_DIR)/Parstagram.app/Parstagram";
			};
			name = Debug;
		};
		435F4CAA26C984DB009D57F2 /* Release */ = {
			isa = XCBuildConfiguration;
			buildSettings = {
				ALWAYS_EMBED_SWIFT_STANDARD_LIBRARIES = YES;
				BUNDLE_LOADER = "$(TEST_HOST)";
				CODE_SIGN_STYLE = Automatic;
				INFOPLIST_FILE = ParstagramTests/Info.plist;
				IPHONEOS_DEPLOYMENT_TARGET = 14.5;
				LD_RUNPATH_SEARCH_PATHS = (
					"$(inherited)",
					"@executable_path/Frameworks",
					"@loader_path/Frameworks",
				);
				PRODUCT_BUNDLE_IDENTIFIER = com.bhusal.ParstagramTests;
				PRODUCT_NAME = "$(TARGET_NAME)";
				SWIFT_VERSION = 5.0;
				TARGETED_DEVICE_FAMILY = "1,2";
				TEST_HOST = "$(BUILT_PRODUCTS_DIR)/Parstagram.app/Parstagram";
			};
			name = Release;
		};
		435F4CAC26C984DB009D57F2 /* Debug */ = {
			isa = XCBuildConfiguration;
			buildSettings = {
				ALWAYS_EMBED_SWIFT_STANDARD_LIBRARIES = YES;
				CODE_SIGN_STYLE = Automatic;
				INFOPLIST_FILE = ParstagramUITests/Info.plist;
				LD_RUNPATH_SEARCH_PATHS = (
					"$(inherited)",
					"@executable_path/Frameworks",
					"@loader_path/Frameworks",
				);
				PRODUCT_BUNDLE_IDENTIFIER = com.bhusal.ParstagramUITests;
				PRODUCT_NAME = "$(TARGET_NAME)";
				SWIFT_VERSION = 5.0;
				TARGETED_DEVICE_FAMILY = "1,2";
				TEST_TARGET_NAME = Parstagram;
			};
			name = Debug;
		};
		435F4CAD26C984DB009D57F2 /* Release */ = {
			isa = XCBuildConfiguration;
			buildSettings = {
				ALWAYS_EMBED_SWIFT_STANDARD_LIBRARIES = YES;
				CODE_SIGN_STYLE = Automatic;
				INFOPLIST_FILE = ParstagramUITests/Info.plist;
				LD_RUNPATH_SEARCH_PATHS = (
					"$(inherited)",
					"@executable_path/Frameworks",
					"@loader_path/Frameworks",
				);
				PRODUCT_BUNDLE_IDENTIFIER = com.bhusal.ParstagramUITests;
				PRODUCT_NAME = "$(TARGET_NAME)";
				SWIFT_VERSION = 5.0;
				TARGETED_DEVICE_FAMILY = "1,2";
				TEST_TARGET_NAME = Parstagram;
			};
			name = Release;
		};
/* End XCBuildConfiguration section */

/* Begin XCConfigurationList section */
		435F4C7626C984D9009D57F2 /* Build configuration list for PBXProject "Parstagram" */ = {
			isa = XCConfigurationList;
			buildConfigurations = (
				435F4CA326C984DB009D57F2 /* Debug */,
				435F4CA426C984DB009D57F2 /* Release */,
			);
			defaultConfigurationIsVisible = 0;
			defaultConfigurationName = Release;
		};
		435F4CA526C984DB009D57F2 /* Build configuration list for PBXNativeTarget "Parstagram" */ = {
			isa = XCConfigurationList;
			buildConfigurations = (
				435F4CA626C984DB009D57F2 /* Debug */,
				435F4CA726C984DB009D57F2 /* Release */,
			);
			defaultConfigurationIsVisible = 0;
			defaultConfigurationName = Release;
		};
		435F4CA826C984DB009D57F2 /* Build configuration list for PBXNativeTarget "ParstagramTests" */ = {
			isa = XCConfigurationList;
			buildConfigurations = (
				435F4CA926C984DB009D57F2 /* Debug */,
				435F4CAA26C984DB009D57F2 /* Release */,
			);
			defaultConfigurationIsVisible = 0;
			defaultConfigurationName = Release;
		};
		435F4CAB26C984DB009D57F2 /* Build configuration list for PBXNativeTarget "ParstagramUITests" */ = {
			isa = XCConfigurationList;
			buildConfigurations = (
				435F4CAC26C984DB009D57F2 /* Debug */,
				435F4CAD26C984DB009D57F2 /* Release */,
			);
			defaultConfigurationIsVisible = 0;
			defaultConfigurationName = Release;
		};
/* End XCConfigurationList section */
	};
	rootObject = 435F4C7326C984D9009D57F2 /* Project object */;
}
